
Microsoft Visual Studio Solution File, Format Version 12.00
# Visual Studio 14
VisualStudioVersion = 14.0.25420.1
MinimumVisualStudioVersion = 10.0.40219.1
Project("{FAE04EC0-301F-11D3-BF4B-00C04F79EFBC}") = "BeefClient", "BeefClient\BeefClient.csproj", "{B0817F58-D282-4772-BF2F-482B69DDAD7A}"
EndProject
Project("{FAE04EC0-301F-11D3-BF4B-00C04F79EFBC}") = "BeefServer", "BeefServer\BeefServer.csproj", "{7D64497D-FF6A-4BC3-8AE1-D4504862B521}"
EndProject
Project("{FAE04EC0-301F-11D3-BF4B-00C04F79EFBC}") = "BeefMVC", "BeefMVC\BeefMVC.csproj", "{BD818ABF-EE88-49B0-BE41-118911EE551E}"
EndProject
Global
	GlobalSection(SolutionConfigurationPlatforms) = preSolution
		Debug|Any CPU = Debug|Any CPU
		Release|Any CPU = Release|Any CPU
	EndGlobalSection
	GlobalSection(ProjectConfigurationPlatforms) = postSolution
		{B0817F58-D282-4772-BF2F-482B69DDAD7A}.Debug|Any CPU.ActiveCfg = Debug|Any CPU
		{B0817F58-D282-4772-BF2F-482B69DDAD7A}.Debug|Any CPU.Build.0 = Debug|Any CPU
		{B0817F58-D282-4772-BF2F-482B69DDAD7A}.Release|Any CPU.ActiveCfg = Release|Any CPU
		{B0817F58-D282-4772-BF2F-482B69DDAD7A}.Release|Any CPU.Build.0 = Release|Any CPU
		{7D64497D-FF6A-4BC3-8AE1-D4504862B521}.Debug|Any CPU.ActiveCfg = Debug|Any CPU
		{7D64497D-FF6A-4BC3-8AE1-D4504862B521}.Debug|Any CPU.Build.0 = Debug|Any CPU
		{7D64497D-FF6A-4BC3-8AE1-D4504862B521}.Release|Any CPU.ActiveCfg = Release|Any CPU
		{7D64497D-FF6A-4BC3-8AE1-D4504862B521}.Release|Any CPU.Build.0 = Release|Any CPU
		{BD818ABF-EE88-49B0-BE41-118911EE551E}.Debug|Any CPU.ActiveCfg = Debug|Any CPU
		{BD818ABF-EE88-49B0-BE41-118911EE551E}.Debug|Any CPU.Build.0 = Debug|Any CPU
		{BD818ABF-EE88-49B0-BE41-118911EE551E}.Release|Any CPU.ActiveCfg = Release|Any CPU
		{BD818ABF-EE88-49B0-BE41-118911EE551E}.Release|Any CPU.Build.0 = Release|Any CPU
	EndGlobalSection
	GlobalSection(SolutionProperties) = preSolution
		HideSolutionNode = FALSE
	EndGlobalSection
EndGlobal
